// !$*UTF8*$!
{
	archiveVersion = 1;
	classes = {
	};
	objectVersion = 50;
	objects = {

/* Begin PBXBuildFile section */
		3751FAD525EE74B700CEC6B4 /* deplacerMotApp.swift in Sources */ = {isa = PBXBuildFile; fileRef = 3751FAD425EE74B700CEC6B4 /* deplacerMotApp.swift */; };
		3751FAD725EE74B700CEC6B4 /* ContentView.swift in Sources */ = {isa = PBXBuildFile; fileRef = 3751FAD625EE74B700CEC6B4 /* ContentView.swift */; };
		3751FAD925EE74B800CEC6B4 /* Assets.xcassets in Resources */ = {isa = PBXBuildFile; fileRef = 3751FAD825EE74B800CEC6B4 /* Assets.xcassets */; };
		3751FADC25EE74B800CEC6B4 /* Preview Assets.xcassets in Resources */ = {isa = PBXBuildFile; fileRef = 3751FADB25EE74B800CEC6B4 /* Preview Assets.xcassets */; };
		3751FAE725EE74B800CEC6B4 /* deplacerMotTests.swift in Sources */ = {isa = PBXBuildFile; fileRef = 3751FAE625EE74B800CEC6B4 /* deplacerMotTests.swift */; };
		3751FAF225EE74B800CEC6B4 /* deplacerMotUITests.swift in Sources */ = {isa = PBXBuildFile; fileRef = 3751FAF125EE74B800CEC6B4 /* deplacerMotUITests.swift */; };
		3751FB0325EE755700CEC6B4 /* Mots.swift in Sources */ = {isa = PBXBuildFile; fileRef = 3751FB0225EE755700CEC6B4 /* Mots.swift */; };
		376DFE1025F9125D00C2BE3A /* Bouton.swift in Sources */ = {isa = PBXBuildFile; fileRef = 376DFE0F25F9125D00C2BE3A /* Bouton.swift */; };
		376F4D1C25FA57B700594C3F /* Titre.swift in Sources */ = {isa = PBXBuildFile; fileRef = 376F4D1B25FA57B700594C3F /* Titre.swift */; };
		37BA8D4925FA183B000FAD22 /* ControleurSafari.swift in Sources */ = {isa = PBXBuildFile; fileRef = 37BA8D4825FA183B000FAD22 /* ControleurSafari.swift */; };
		37BA8D4E25FA197D000FAD22 /* FenetreMenu.swift in Sources */ = {isa = PBXBuildFile; fileRef = 37BA8D4D25FA197D000FAD22 /* FenetreMenu.swift */; };
		37BA8D5425FA2CED000FAD22 /* Ressources.swift in Sources */ = {isa = PBXBuildFile; fileRef = 37BA8D5325FA2CED000FAD22 /* Ressources.swift */; };
/* End PBXBuildFile section */

/* Begin PBXContainerItemProxy section */
		3751FAE325EE74B800CEC6B4 /* PBXContainerItemProxy */ = {
			isa = PBXContainerItemProxy;
			containerPortal = 3751FAC925EE74B700CEC6B4 /* Project object */;
			proxyType = 1;
			remoteGlobalIDString = 3751FAD025EE74B700CEC6B4;
			remoteInfo = deplacerMot;
		};
		3751FAEE25EE74B800CEC6B4 /* PBXContainerItemProxy */ = {
			isa = PBXContainerItemProxy;
			containerPortal = 3751FAC925EE74B700CEC6B4 /* Project object */;
			proxyType = 1;
			remoteGlobalIDString = 3751FAD025EE74B700CEC6B4;
			remoteInfo = deplacerMot;
		};
/* End PBXContainerItemProxy section */

/* Begin PBXFileReference section */
		3751FAD125EE74B700CEC6B4 /* deplacerMot.app */ = {isa = PBXFileReference; explicitFileType = wrapper.application; includeInIndex = 0; path = deplacerMot.app; sourceTree = BUILT_PRODUCTS_DIR; };
		3751FAD425EE74B700CEC6B4 /* deplacerMotApp.swift */ = {isa = PBXFileReference; lastKnownFileType = sourcecode.swift; path = deplacerMotApp.swift; sourceTree = "<group>"; };
		3751FAD625EE74B700CEC6B4 /* ContentView.swift */ = {isa = PBXFileReference; lastKnownFileType = sourcecode.swift; path = ContentView.swift; sourceTree = "<group>"; };
		3751FAD825EE74B800CEC6B4 /* Assets.xcassets */ = {isa = PBXFileReference; lastKnownFileType = folder.assetcatalog; path = Assets.xcassets; sourceTree = "<group>"; };
		3751FADB25EE74B800CEC6B4 /* Preview Assets.xcassets */ = {isa = PBXFileReference; lastKnownFileType = folder.assetcatalog; path = "Preview Assets.xcassets"; sourceTree = "<group>"; };
		3751FADD25EE74B800CEC6B4 /* Info.plist */ = {isa = PBXFileReference; lastKnownFileType = text.plist.xml; path = Info.plist; sourceTree = "<group>"; };
		3751FAE225EE74B800CEC6B4 /* deplacerMotTests.xctest */ = {isa = PBXFileReference; explicitFileType = wrapper.cfbundle; includeInIndex = 0; path = deplacerMotTests.xctest; sourceTree = BUILT_PRODUCTS_DIR; };
		3751FAE625EE74B800CEC6B4 /* deplacerMotTests.swift */ = {isa = PBXFileReference; lastKnownFileType = sourcecode.swift; path = deplacerMotTests.swift; sourceTree = "<group>"; };
		3751FAE825EE74B800CEC6B4 /* Info.plist */ = {isa = PBXFileReference; lastKnownFileType = text.plist.xml; path = Info.plist; sourceTree = "<group>"; };
		3751FAED25EE74B800CEC6B4 /* deplacerMotUITests.xctest */ = {isa = PBXFileReference; explicitFileType = wrapper.cfbundle; includeInIndex = 0; path = deplacerMotUITests.xctest; sourceTree = BUILT_PRODUCTS_DIR; };
		3751FAF125EE74B800CEC6B4 /* deplacerMotUITests.swift */ = {isa = PBXFileReference; lastKnownFileType = sourcecode.swift; path = deplacerMotUITests.swift; sourceTree = "<group>"; };
		3751FAF325EE74B800CEC6B4 /* Info.plist */ = {isa = PBXFileReference; lastKnownFileType = text.plist.xml; path = Info.plist; sourceTree = "<group>"; };
		3751FB0225EE755700CEC6B4 /* Mots.swift */ = {isa = PBXFileReference; lastKnownFileType = sourcecode.swift; path = Mots.swift; sourceTree = "<group>"; };
		376DFE0F25F9125D00C2BE3A /* Bouton.swift */ = {isa = PBXFileReference; lastKnownFileType = sourcecode.swift; path = Bouton.swift; sourceTree = "<group>"; };
		376F4D1B25FA57B700594C3F /* Titre.swift */ = {isa = PBXFileReference; lastKnownFileType = sourcecode.swift; path = Titre.swift; sourceTree = "<group>"; };
		37BA8D4825FA183B000FAD22 /* ControleurSafari.swift */ = {isa = PBXFileReference; lastKnownFileType = sourcecode.swift; path = ControleurSafari.swift; sourceTree = "<group>"; };
		37BA8D4D25FA197D000FAD22 /* FenetreMenu.swift */ = {isa = PBXFileReference; lastKnownFileType = sourcecode.swift; path = FenetreMenu.swift; sourceTree = "<group>"; };
		37BA8D5325FA2CED000FAD22 /* Ressources.swift */ = {isa = PBXFileReference; lastKnownFileType = sourcecode.swift; path = Ressources.swift; sourceTree = "<group>"; };
/* End PBXFileReference section */

/* Begin PBXFrameworksBuildPhase section */
		3751FACE25EE74B700CEC6B4 /* Frameworks */ = {
			isa = PBXFrameworksBuildPhase;
			buildActionMask = 2147483647;
			files = (
			);
			runOnlyForDeploymentPostprocessing = 0;
		};
		3751FADF25EE74B800CEC6B4 /* Frameworks */ = {
			isa = PBXFrameworksBuildPhase;
			buildActionMask = 2147483647;
			files = (
			);
			runOnlyForDeploymentPostprocessing = 0;
		};
		3751FAEA25EE74B800CEC6B4 /* Frameworks */ = {
			isa = PBXFrameworksBuildPhase;
			buildActionMask = 2147483647;
			files = (
			);
			runOnlyForDeploymentPostprocessing = 0;
		};
/* End PBXFrameworksBuildPhase section */

/* Begin PBXGroup section */
		3751FAC825EE74B700CEC6B4 = {
			isa = PBXGroup;
			children = (
				3751FAD325EE74B700CEC6B4 /* deplacerMot */,
				3751FAE525EE74B800CEC6B4 /* deplacerMotTests */,
				3751FAF025EE74B800CEC6B4 /* deplacerMotUITests */,
				3751FAD225EE74B700CEC6B4 /* Products */,
			);
			sourceTree = "<group>";
		};
		3751FAD225EE74B700CEC6B4 /* Products */ = {
			isa = PBXGroup;
			children = (
				3751FAD125EE74B700CEC6B4 /* deplacerMot.app */,
				3751FAE225EE74B800CEC6B4 /* deplacerMotTests.xctest */,
				3751FAED25EE74B800CEC6B4 /* deplacerMotUITests.xctest */,
			);
			name = Products;
			sourceTree = "<group>";
		};
		3751FAD325EE74B700CEC6B4 /* deplacerMot */ = {
			isa = PBXGroup;
			children = (
				37BA8D5225FA2CB1000FAD22 /* Constantes */,
				3751FAD425EE74B700CEC6B4 /* deplacerMotApp.swift */,
				376DFE1825F92C3E00C2BE3A /* Controleurs */,
				376DFE1725F92BDF00C2BE3A /* Vues */,
				3751FAD825EE74B800CEC6B4 /* Assets.xcassets */,
				3751FADD25EE74B800CEC6B4 /* Info.plist */,
				3751FADA25EE74B800CEC6B4 /* Preview Content */,
			);
			path = deplacerMot;
			sourceTree = "<group>";
		};
		3751FADA25EE74B800CEC6B4 /* Preview Content */ = {
			isa = PBXGroup;
			children = (
				3751FADB25EE74B800CEC6B4 /* Preview Assets.xcassets */,
			);
			path = "Preview Content";
			sourceTree = "<group>";
		};
		3751FAE525EE74B800CEC6B4 /* deplacerMotTests */ = {
			isa = PBXGroup;
			children = (
				3751FAE625EE74B800CEC6B4 /* deplacerMotTests.swift */,
				3751FAE825EE74B800CEC6B4 /* Info.plist */,
			);
			path = deplacerMotTests;
			sourceTree = "<group>";
		};
		3751FAF025EE74B800CEC6B4 /* deplacerMotUITests */ = {
			isa = PBXGroup;
			children = (
				3751FAF125EE74B800CEC6B4 /* deplacerMotUITests.swift */,
				3751FAF325EE74B800CEC6B4 /* Info.plist */,
			);
			path = deplacerMotUITests;
			sourceTree = "<group>";
		};
		376DFE1725F92BDF00C2BE3A /* Vues */ = {
			isa = PBXGroup;
			children = (
				376DFE0F25F9125D00C2BE3A /* Bouton.swift */,
				37BA8D4D25FA197D000FAD22 /* FenetreMenu.swift */,
				3751FB0225EE755700CEC6B4 /* Mots.swift */,
				376F4D1B25FA57B700594C3F /* Titre.swift */,
			);
			path = Vues;
			sourceTree = "<group>";
		};
		376DFE1825F92C3E00C2BE3A /* Controleurs */ = {
			isa = PBXGroup;
			children = (
				3751FAD625EE74B700CEC6B4 /* ContentView.swift */,
				37BA8D4825FA183B000FAD22 /* ControleurSafari.swift */,
			);
			path = Controleurs;
			sourceTree = "<group>";
		};
		37BA8D5225FA2CB1000FAD22 /* Constantes */ = {
			isa = PBXGroup;
			children = (
				37BA8D5325FA2CED000FAD22 /* Ressources.swift */,
			);
			path = Constantes;
			sourceTree = "<group>";
		};
/* End PBXGroup section */

/* Begin PBXNativeTarget section */
		3751FAD025EE74B700CEC6B4 /* deplacerMot */ = {
			isa = PBXNativeTarget;
			buildConfigurationList = 3751FAF625EE74B800CEC6B4 /* Build configuration list for PBXNativeTarget "deplacerMot" */;
			buildPhases = (
				3751FACD25EE74B700CEC6B4 /* Sources */,
				3751FACE25EE74B700CEC6B4 /* Frameworks */,
				3751FACF25EE74B700CEC6B4 /* Resources */,
			);
			buildRules = (
			);
			dependencies = (
			);
			name = deplacerMot;
			productName = deplacerMot;
			productReference = 3751FAD125EE74B700CEC6B4 /* deplacerMot.app */;
			productType = "com.apple.product-type.application";
		};
		3751FAE125EE74B800CEC6B4 /* deplacerMotTests */ = {
			isa = PBXNativeTarget;
			buildConfigurationList = 3751FAF925EE74B800CEC6B4 /* Build configuration list for PBXNativeTarget "deplacerMotTests" */;
			buildPhases = (
				3751FADE25EE74B800CEC6B4 /* Sources */,
				3751FADF25EE74B800CEC6B4 /* Frameworks */,
				3751FAE025EE74B800CEC6B4 /* Resources */,
			);
			buildRules = (
			);
			dependencies = (
				3751FAE425EE74B800CEC6B4 /* PBXTargetDependency */,
			);
			name = deplacerMotTests;
			productName = deplacerMotTests;
			productReference = 3751FAE225EE74B800CEC6B4 /* deplacerMotTests.xctest */;
			productType = "com.apple.product-type.bundle.unit-test";
		};
		3751FAEC25EE74B800CEC6B4 /* deplacerMotUITests */ = {
			isa = PBXNativeTarget;
			buildConfigurationList = 3751FAFC25EE74B800CEC6B4 /* Build configuration list for PBXNativeTarget "deplacerMotUITests" */;
			buildPhases = (
				3751FAE925EE74B800CEC6B4 /* Sources */,
				3751FAEA25EE74B800CEC6B4 /* Frameworks */,
				3751FAEB25EE74B800CEC6B4 /* Resources */,
			);
			buildRules = (
			);
			dependencies = (
				3751FAEF25EE74B800CEC6B4 /* PBXTargetDependency */,
			);
			name = deplacerMotUITests;
			productName = deplacerMotUITests;
			productReference = 3751FAED25EE74B800CEC6B4 /* deplacerMotUITests.xctest */;
			productType = "com.apple.product-type.bundle.ui-testing";
		};
/* End PBXNativeTarget section */

/* Begin PBXProject section */
		3751FAC925EE74B700CEC6B4 /* Project object */ = {
			isa = PBXProject;
			attributes = {
				LastSwiftUpdateCheck = 1240;
				LastUpgradeCheck = 1240;
				TargetAttributes = {
					3751FAD025EE74B700CEC6B4 = {
						CreatedOnToolsVersion = 12.4;
					};
					3751FAE125EE74B800CEC6B4 = {
						CreatedOnToolsVersion = 12.4;
						TestTargetID = 3751FAD025EE74B700CEC6B4;
					};
					3751FAEC25EE74B800CEC6B4 = {
						CreatedOnToolsVersion = 12.4;
						TestTargetID = 3751FAD025EE74B700CEC6B4;
					};
				};
			};
			buildConfigurationList = 3751FACC25EE74B700CEC6B4 /* Build configuration list for PBXProject "deplacerMot" */;
			compatibilityVersion = "Xcode 9.3";
			developmentRegion = en;
			hasScannedForEncodings = 0;
			knownRegions = (
				en,
				Base,
			);
			mainGroup = 3751FAC825EE74B700CEC6B4;
			productRefGroup = 3751FAD225EE74B700CEC6B4 /* Products */;
			projectDirPath = "";
			projectRoot = "";
			targets = (
				3751FAD025EE74B700CEC6B4 /* deplacerMot */,
				3751FAE125EE74B800CEC6B4 /* deplacerMotTests */,
				3751FAEC25EE74B800CEC6B4 /* deplacerMotUITests */,
			);
		};
/* End PBXProject section */

/* Begin PBXResourcesBuildPhase section */
		3751FACF25EE74B700CEC6B4 /* Resources */ = {
			isa = PBXResourcesBuildPhase;
			buildActionMask = 2147483647;
			files = (
				3751FADC25EE74B800CEC6B4 /* Preview Assets.xcassets in Resources */,
				3751FAD925EE74B800CEC6B4 /* Assets.xcassets in Resources */,
			);
			runOnlyForDeploymentPostprocessing = 0;
		};
		3751FAE025EE74B800CEC6B4 /* Resources */ = {
			isa = PBXResourcesBuildPhase;
			buildActionMask = 2147483647;
			files = (
			);
			runOnlyForDeploymentPostprocessing = 0;
		};
		3751FAEB25EE74B800CEC6B4 /* Resources */ = {
			isa = PBXResourcesBuildPhase;
			buildActionMask = 2147483647;
			files = (
			);
			runOnlyForDeploymentPostprocessing = 0;
		};
/* End PBXResourcesBuildPhase section */

/* Begin PBXSourcesBuildPhase section */
		3751FACD25EE74B700CEC6B4 /* Sources */ = {
			isa = PBXSourcesBuildPhase;
			buildActionMask = 2147483647;
			files = (
				37BA8D4E25FA197D000FAD22 /* FenetreMenu.swift in Sources */,
				37BA8D5425FA2CED000FAD22 /* Ressources.swift in Sources */,
				3751FAD725EE74B700CEC6B4 /* ContentView.swift in Sources */,
				3751FB0325EE755700CEC6B4 /* Mots.swift in Sources */,
				376DFE1025F9125D00C2BE3A /* Bouton.swift in Sources */,
				3751FAD525EE74B700CEC6B4 /* deplacerMotApp.swift in Sources */,
				376F4D1C25FA57B700594C3F /* Titre.swift in Sources */,
				37BA8D4925FA183B000FAD22 /* ControleurSafari.swift in Sources */,
			);
			runOnlyForDeploymentPostprocessing = 0;
		};
		3751FADE25EE74B800CEC6B4 /* Sources */ = {
			isa = PBXSourcesBuildPhase;
			buildActionMask = 2147483647;
			files = (
				3751FAE725EE74B800CEC6B4 /* deplacerMotTests.swift in Sources */,
			);
			runOnlyForDeploymentPostprocessing = 0;
		};
		3751FAE925EE74B800CEC6B4 /* Sources */ = {
			isa = PBXSourcesBuildPhase;
			buildActionMask = 2147483647;
			files = (
				3751FAF225EE74B800CEC6B4 /* deplacerMotUITests.swift in Sources */,
			);
			runOnlyForDeploymentPostprocessing = 0;
		};
/* End PBXSourcesBuildPhase section */

/* Begin PBXTargetDependency section */
		3751FAE425EE74B800CEC6B4 /* PBXTargetDependency */ = {
			isa = PBXTargetDependency;
			target = 3751FAD025EE74B700CEC6B4 /* deplacerMot */;
			targetProxy = 3751FAE325EE74B800CEC6B4 /* PBXContainerItemProxy */;
		};
		3751FAEF25EE74B800CEC6B4 /* PBXTargetDependency */ = {
			isa = PBXTargetDependency;
			target = 3751FAD025EE74B700CEC6B4 /* deplacerMot */;
			targetProxy = 3751FAEE25EE74B800CEC6B4 /* PBXContainerItemProxy */;
		};
/* End PBXTargetDependency section */

/* Begin XCBuildConfiguration section */
		3751FAF425EE74B800CEC6B4 /* Debug */ = {
			isa = XCBuildConfiguration;
			buildSettings = {
				ALWAYS_SEARCH_USER_PATHS = NO;
				CLANG_ANALYZER_NONNULL = YES;
				CLANG_ANALYZER_NUMBER_OBJECT_CONVERSION = YES_AGGRESSIVE;
				CLANG_CXX_LANGUAGE_STANDARD = "gnu++14";
				CLANG_CXX_LIBRARY = "libc++";
				CLANG_ENABLE_MODULES = YES;
				CLANG_ENABLE_OBJC_ARC = YES;
				CLANG_ENABLE_OBJC_WEAK = YES;
				CLANG_WARN_BLOCK_CAPTURE_AUTORELEASING = YES;
				CLANG_WARN_BOOL_CONVERSION = YES;
				CLANG_WARN_COMMA = YES;
				CLANG_WARN_CONSTANT_CONVERSION = YES;
				CLANG_WARN_DEPRECATED_OBJC_IMPLEMENTATIONS = YES;
				CLANG_WARN_DIRECT_OBJC_ISA_USAGE = YES_ERROR;
				CLANG_WARN_DOCUMENTATION_COMMENTS = YES;
				CLANG_WARN_EMPTY_BODY = YES;
				CLANG_WARN_ENUM_CONVERSION = YES;
				CLANG_WARN_INFINITE_RECURSION = YES;
				CLANG_WARN_INT_CONVERSION = YES;
				CLANG_WARN_NON_LITERAL_NULL_CONVERSION = YES;
				CLANG_WARN_OBJC_IMPLICIT_RETAIN_SELF = YES;
				CLANG_WARN_OBJC_LITERAL_CONVERSION = YES;
				CLANG_WARN_OBJC_ROOT_CLASS = YES_ERROR;
				CLANG_WARN_QUOTED_INCLUDE_IN_FRAMEWORK_HEADER = YES;
				CLANG_WARN_RANGE_LOOP_ANALYSIS = YES;
				CLANG_WARN_STRICT_PROTOTYPES = YES;
				CLANG_WARN_SUSPICIOUS_MOVE = YES;
				CLANG_WARN_UNGUARDED_AVAILABILITY = YES_AGGRESSIVE;
				CLANG_WARN_UNREACHABLE_CODE = YES;
				CLANG_WARN__DUPLICATE_METHOD_MATCH = YES;
				COPY_PHASE_STRIP = NO;
				DEBUG_INFORMATION_FORMAT = dwarf;
				ENABLE_STRICT_OBJC_MSGSEND = YES;
				ENABLE_TESTABILITY = YES;
				GCC_C_LANGUAGE_STANDARD = gnu11;
				GCC_DYNAMIC_NO_PIC = NO;
				GCC_NO_COMMON_BLOCKS = YES;
				GCC_OPTIMIZATION_LEVEL = 0;
				GCC_PREPROCESSOR_DEFINITIONS = (
					"DEBUG=1",
					"$(inherited)",
				);
				GCC_WARN_64_TO_32_BIT_CONVERSION = YES;
				GCC_WARN_ABOUT_RETURN_TYPE = YES_ERROR;
				GCC_WARN_UNDECLARED_SELECTOR = YES;
				GCC_WARN_UNINITIALIZED_AUTOS = YES_AGGRESSIVE;
				GCC_WARN_UNUSED_FUNCTION = YES;
				GCC_WARN_UNUSED_VARIABLE = YES;
				IPHONEOS_DEPLOYMENT_TARGET = 14.4;
				MTL_ENABLE_DEBUG_INFO = INCLUDE_SOURCE;
				MTL_FAST_MATH = YES;
				ONLY_ACTIVE_ARCH = YES;
				SDKROOT = iphoneos;
				SWIFT_ACTIVE_COMPILATION_CONDITIONS = DEBUG;
				SWIFT_OPTIMIZATION_LEVEL = "-Onone";
			};
			name = Debug;
		};
		3751FAF525EE74B800CEC6B4 /* Release */ = {
			isa = XCBuildConfiguration;
			buildSettings = {
				ALWAYS_SEARCH_USER_PATHS = NO;
				CLANG_ANALYZER_NONNULL = YES;
				CLANG_ANALYZER_NUMBER_OBJECT_CONVERSION = YES_AGGRESSIVE;
				CLANG_CXX_LANGUAGE_STANDARD = "gnu++14";
				CLANG_CXX_LIBRARY = "libc++";
				CLANG_ENABLE_MODULES = YES;
				CLANG_ENABLE_OBJC_ARC = YES;
				CLANG_ENABLE_OBJC_WEAK = YES;
				CLANG_WARN_BLOCK_CAPTURE_AUTORELEASING = YES;
				CLANG_WARN_BOOL_CONVERSION = YES;
				CLANG_WARN_COMMA = YES;
				CLANG_WARN_CONSTANT_CONVERSION = YES;
				CLANG_WARN_DEPRECATED_OBJC_IMPLEMENTATIONS = YES;
				CLANG_WARN_DIRECT_OBJC_ISA_USAGE = YES_ERROR;
				CLANG_WARN_DOCUMENTATION_COMMENTS = YES;
				CLANG_WARN_EMPTY_BODY = YES;
				CLANG_WARN_ENUM_CONVERSION = YES;
				CLANG_WARN_INFINITE_RECURSION = YES;
				CLANG_WARN_INT_CONVERSION = YES;
				CLANG_WARN_NON_LITERAL_NULL_CONVERSION = YES;
				CLANG_WARN_OBJC_IMPLICIT_RETAIN_SELF = YES;
				CLANG_WARN_OBJC_LITERAL_CONVERSION = YES;
				CLANG_WARN_OBJC_ROOT_CLASS = YES_ERROR;
				CLANG_WARN_QUOTED_INCLUDE_IN_FRAMEWORK_HEADER = YES;
				CLANG_WARN_RANGE_LOOP_ANALYSIS = YES;
				CLANG_WARN_STRICT_PROTOTYPES = YES;
				CLANG_WARN_SUSPICIOUS_MOVE = YES;
				CLANG_WARN_UNGUARDED_AVAILABILITY = YES_AGGRESSIVE;
				CLANG_WARN_UNREACHABLE_CODE = YES;
				CLANG_WARN__DUPLICATE_METHOD_MATCH = YES;
				COPY_PHASE_STRIP = NO;
				DEBUG_INFORMATION_FORMAT = "dwarf-with-dsym";
				ENABLE_NS_ASSERTIONS = NO;
				ENABLE_STRICT_OBJC_MSGSEND = YES;
				GCC_C_LANGUAGE_STANDARD = gnu11;
				GCC_NO_COMMON_BLOCKS = YES;
				GCC_WARN_64_TO_32_BIT_CONVERSION = YES;
				GCC_WARN_ABOUT_RETURN_TYPE = YES_ERROR;
				GCC_WARN_UNDECLARED_SELECTOR = YES;
				GCC_WARN_UNINITIALIZED_AUTOS = YES_AGGRESSIVE;
				GCC_WARN_UNUSED_FUNCTION = YES;
				GCC_WARN_UNUSED_VARIABLE = YES;
				IPHONEOS_DEPLOYMENT_TARGET = 14.4;
				MTL_ENABLE_DEBUG_INFO = NO;
				MTL_FAST_MATH = YES;
				SDKROOT = iphoneos;
				SWIFT_COMPILATION_MODE = wholemodule;
				SWIFT_OPTIMIZATION_LEVEL = "-O";
				VALIDATE_PRODUCT = YES;
			};
			name = Release;
		};
		3751FAF725EE74B800CEC6B4 /* Debug */ = {
			isa = XCBuildConfiguration;
			buildSettings = {
				ASSETCATALOG_COMPILER_APPICON_NAME = AppIcon;
				ASSETCATALOG_COMPILER_GLOBAL_ACCENT_COLOR_NAME = AccentColor;
				CODE_SIGN_STYLE = Automatic;
				DEVELOPMENT_ASSET_PATHS = "\"deplacerMot/Preview Content\"";
				DEVELOPMENT_TEAM = UGQ4YS2NK3;
				ENABLE_PREVIEWS = YES;
				INFOPLIST_FILE = deplacerMot/Info.plist;
				IPHONEOS_DEPLOYMENT_TARGET = 14.0;
				LD_RUNPATH_SEARCH_PATHS = (
					"$(inherited)",
					"@executable_path/Frameworks",
				);
				PRODUCT_BUNDLE_IDENTIFIER = com.titastus.deplacerMot;
				PRODUCT_NAME = "$(TARGET_NAME)";
				SWIFT_VERSION = 5.0;
				TARGETED_DEVICE_FAMILY = "1,2";
			};
			name = Debug;
		};
		3751FAF825EE74B800CEC6B4 /* Release */ = {
			isa = XCBuildConfiguration;
			buildSettings = {
				ASSETCATALOG_COMPILER_APPICON_NAME = AppIcon;
				ASSETCATALOG_COMPILER_GLOBAL_ACCENT_COLOR_NAME = AccentColor;
				CODE_SIGN_STYLE = Automatic;
				DEVELOPMENT_ASSET_PATHS = "\"deplacerMot/Preview Content\"";
				DEVELOPMENT_TEAM = UGQ4YS2NK3;
				ENABLE_PREVIEWS = YES;
				INFOPLIST_FILE = deplacerMot/Info.plist;
				IPHONEOS_DEPLOYMENT_TARGET = 14.0;
				LD_RUNPATH_SEARCH_PATHS = (
					"$(inherited)",
					"@executable_path/Frameworks",
				);
				PRODUCT_BUNDLE_IDENTIFIER = com.titastus.deplacerMot;
				PRODUCT_NAME = "$(TARGET_NAME)";
				SWIFT_VERSION = 5.0;
				TARGETED_DEVICE_FAMILY = "1,2";
			};
			name = Release;
		};
		3751FAFA25EE74B800CEC6B4 /* Debug */ = {
			isa = XCBuildConfiguration;
			buildSettings = {
				ALWAYS_EMBED_SWIFT_STANDARD_LIBRARIES = YES;
				BUNDLE_LOADER = "$(TEST_HOST)";
				CODE_SIGN_STYLE = Automatic;
				DEVELOPMENT_TEAM = UGQ4YS2NK3;
				INFOPLIST_FILE = deplacerMotTests/Info.plist;
				IPHONEOS_DEPLOYMENT_TARGET = 14.0;
				LD_RUNPATH_SEARCH_PATHS = (
					"$(inherited)",
					"@executable_path/Frameworks",
					"@loader_path/Frameworks",
				);
				PRODUCT_BUNDLE_IDENTIFIER = com.titastus.deplacerMotTests;
				PRODUCT_NAME = "$(TARGET_NAME)";
				SWIFT_VERSION = 5.0;
				TARGETED_DEVICE_FAMILY = "1,2";
				TEST_HOST = "$(BUILT_PRODUCTS_DIR)/deplacerMot.app/deplacerMot";
			};
			name = Debug;
		};
		3751FAFB25EE74B800CEC6B4 /* Release */ = {
			isa = XCBuildConfiguration;
			buildSettings = {
				ALWAYS_EMBED_SWIFT_STANDARD_LIBRARIES = YES;
				BUNDLE_LOADER = "$(TEST_HOST)";
				CODE_SIGN_STYLE = Automatic;
				DEVELOPMENT_TEAM = UGQ4YS2NK3;
				INFOPLIST_FILE = deplacerMotTests/Info.plist;
				IPHONEOS_DEPLOYMENT_TARGET = 14.0;
				LD_RUNPATH_SEARCH_PATHS = (
					"$(inherited)",
					"@executable_path/Frameworks",
					"@loader_path/Frameworks",
				);
				PRODUCT_BUNDLE_IDENTIFIER = com.titastus.deplacerMotTests;
				PRODUCT_NAME = "$(TARGET_NAME)";
				SWIFT_VERSION = 5.0;
				TARGETED_DEVICE_FAMILY = "1,2";
				TEST_HOST = "$(BUILT_PRODUCTS_DIR)/deplacerMot.app/deplacerMot";
			};
			name = Release;
		};
		3751FAFD25EE74B800CEC6B4 /* Debug */ = {
			isa = XCBuildConfiguration;
			buildSettings = {
				ALWAYS_EMBED_SWIFT_STANDARD_LIBRARIES = YES;
				CODE_SIGN_STYLE = Automatic;
				DEVELOPMENT_TEAM = UGQ4YS2NK3;
				INFOPLIST_FILE = deplacerMotUITests/Info.plist;
				LD_RUNPATH_SEARCH_PATHS = (
					"$(inherited)",
					"@executable_path/Frameworks",
					"@loader_path/Frameworks",
				);
				PRODUCT_BUNDLE_IDENTIFIER = com.titastus.deplacerMotUITests;
				PRODUCT_NAME = "$(TARGET_NAME)";
				SWIFT_VERSION = 5.0;
				TARGETED_DEVICE_FAMILY = "1,2";
				TEST_TARGET_NAME = deplacerMot;
			};
			name = Debug;
		};
		3751FAFE25EE74B800CEC6B4 /* Release */ = {
			isa = XCBuildConfiguration;
			buildSettings = {
				ALWAYS_EMBED_SWIFT_STANDARD_LIBRARIES = YES;
				CODE_SIGN_STYLE = Automatic;
				DEVELOPMENT_TEAM = UGQ4YS2NK3;
				INFOPLIST_FILE = deplacerMotUITests/Info.plist;
				LD_RUNPATH_SEARCH_PATHS = (
					"$(inherited)",
					"@executable_path/Frameworks",
					"@loader_path/Frameworks",
				);
				PRODUCT_BUNDLE_IDENTIFIER = com.titastus.deplacerMotUITests;
				PRODUCT_NAME = "$(TARGET_NAME)";
				SWIFT_VERSION = 5.0;
				TARGETED_DEVICE_FAMILY = "1,2";
				TEST_TARGET_NAME = deplacerMot;
			};
			name = Release;
		};
/* End XCBuildConfiguration section */

/* Begin XCConfigurationList section */
		3751FACC25EE74B700CEC6B4 /* Build configuration list for PBXProject "deplacerMot" */ = {
			isa = XCConfigurationList;
			buildConfigurations = (
				3751FAF425EE74B800CEC6B4 /* Debug */,
				3751FAF525EE74B800CEC6B4 /* Release */,
			);
			defaultConfigurationIsVisible = 0;
			defaultConfigurationName = Release;
		};
		3751FAF625EE74B800CEC6B4 /* Build configuration list for PBXNativeTarget "deplacerMot" */ = {
			isa = XCConfigurationList;
			buildConfigurations = (
				3751FAF725EE74B800CEC6B4 /* Debug */,
				3751FAF825EE74B800CEC6B4 /* Release */,
			);
			defaultConfigurationIsVisible = 0;
			defaultConfigurationName = Release;
		};
		3751FAF925EE74B800CEC6B4 /* Build configuration list for PBXNativeTarget "deplacerMotTests" */ = {
			isa = XCConfigurationList;
			buildConfigurations = (
				3751FAFA25EE74B800CEC6B4 /* Debug */,
				3751FAFB25EE74B800CEC6B4 /* Release */,
			);
			defaultConfigurationIsVisible = 0;
			defaultConfigurationName = Release;
		};
		3751FAFC25EE74B800CEC6B4 /* Build configuration list for PBXNativeTarget "deplacerMotUITests" */ = {
			isa = XCConfigurationList;
			buildConfigurations = (
				3751FAFD25EE74B800CEC6B4 /* Debug */,
				3751FAFE25EE74B800CEC6B4 /* Release */,
			);
			defaultConfigurationIsVisible = 0;
			defaultConfigurationName = Release;
		};
/* End XCConfigurationList section */
	};
	rootObject = 3751FAC925EE74B700CEC6B4 /* Project object */;
}
